
Microsoft Visual Studio Solution File, Format Version 12.00
# Visual Studio Version 17
VisualStudioVersion = 17.14.36429.23
MinimumVisualStudioVersion = 10.0.40219.1
Project("{FAE04EC0-301F-11D3-BF4B-00C04F79EFBC}") = "Logic", "Logic\Logic.csproj", "{4ECE4DC7-7089-4A5A-A52D-CDFE09406195}"
EndProject
Project("{FAE04EC0-301F-11D3-BF4B-00C04F79EFBC}") = "ConsoleUI", "ConsoleUI\ConsoleUI.csproj", "{E16174D3-B12D-442E-95DE-58F2FA00845A}"
EndProject
Project("{FAE04EC0-301F-11D3-BF4B-00C04F79EFBC}") = "WindowsForms", "WindowsForms\WindowsForms.csproj", "{06E982C7-789E-4940-9107-C856113F5553}"
EndProject
Global
	GlobalSection(SolutionConfigurationPlatforms) = preSolution
		Debug|Any CPU = Debug|Any CPU
		Release|Any CPU = Release|Any CPU
	EndGlobalSection
	GlobalSection(ProjectConfigurationPlatforms) = postSolution
		{4ECE4DC7-7089-4A5A-A52D-CDFE09406195}.Debug|Any CPU.ActiveCfg = Debug|Any CPU
		{4ECE4DC7-7089-4A5A-A52D-CDFE09406195}.Debug|Any CPU.Build.0 = Debug|Any CPU
		{4ECE4DC7-7089-4A5A-A52D-CDFE09406195}.Release|Any CPU.ActiveCfg = Release|Any CPU
		{4ECE4DC7-7089-4A5A-A52D-CDFE09406195}.Release|Any CPU.Build.0 = Release|Any CPU
		{E16174D3-B12D-442E-95DE-58F2FA00845A}.Debug|Any CPU.ActiveCfg = Debug|Any CPU
		{E16174D3-B12D-442E-95DE-58F2FA00845A}.Debug|Any CPU.Build.0 = Debug|Any CPU
		{E16174D3-B12D-442E-95DE-58F2FA00845A}.Release|Any CPU.ActiveCfg = Release|Any CPU
		{E16174D3-B12D-442E-95DE-58F2FA00845A}.Release|Any CPU.Build.0 = Release|Any CPU
		{06E982C7-789E-4940-9107-C856113F5553}.Debug|Any CPU.ActiveCfg = Debug|Any CPU
		{06E982C7-789E-4940-9107-C856113F5553}.Debug|Any CPU.Build.0 = Debug|Any CPU
		{06E982C7-789E-4940-9107-C856113F5553}.Release|Any CPU.ActiveCfg = Release|Any CPU
		{06E982C7-789E-4940-9107-C856113F5553}.Release|Any CPU.Build.0 = Release|Any CPU
	EndGlobalSection
	GlobalSection(SolutionProperties) = preSolution
		HideSolutionNode = FALSE
	EndGlobalSection
	GlobalSection(ExtensibilityGlobals) = postSolution
		SolutionGuid = {0010A025-5864-4476-9AF7-4108C510DA73}
	EndGlobalSection
EndGlobal
